// !$*UTF8*$!
{
	archiveVersion = 1;
	classes = {
	};
	objectVersion = 56;
	objects = {

/* Begin PBXBuildFile section */
		672F44552ADC6B0300E96C5B /* QuizCodeViewModel.swift in Sources */ = {isa = PBXBuildFile; fileRef = 672F44542ADC6B0300E96C5B /* QuizCodeViewModel.swift */; };
		672F44582ADC84C900E96C5B /* HomePage.swift in Sources */ = {isa = PBXBuildFile; fileRef = 672F44572ADC84C900E96C5B /* HomePage.swift */; };
		672F445A2ADC84E700E96C5B /* TitleHeader.swift in Sources */ = {isa = PBXBuildFile; fileRef = 672F44592ADC84E700E96C5B /* TitleHeader.swift */; };
		672F445C2ADC857600E96C5B /* SupportingTitleText.swift in Sources */ = {isa = PBXBuildFile; fileRef = 672F445B2ADC857600E96C5B /* SupportingTitleText.swift */; };
		672F445E2ADC8D0800E96C5B /* AnimationGear.swift in Sources */ = {isa = PBXBuildFile; fileRef = 672F445D2ADC8D0800E96C5B /* AnimationGear.swift */; };
		672F44602ADC8EA200E96C5B /* QuizContainerImageComponent.swift in Sources */ = {isa = PBXBuildFile; fileRef = 672F445F2ADC8EA200E96C5B /* QuizContainerImageComponent.swift */; };
		672F44622ADC9C0200E96C5B /* Colors.xcassets in Resources */ = {isa = PBXBuildFile; fileRef = 672F44612ADC9C0200E96C5B /* Colors.xcassets */; };
		672F44642ADCAAE500E96C5B /* QuizSetup.swift in Sources */ = {isa = PBXBuildFile; fileRef = 672F44632ADCAAE500E96C5B /* QuizSetup.swift */; };
		672F44662ADCADD000E96C5B /* DifficultySelector.swift in Sources */ = {isa = PBXBuildFile; fileRef = 672F44652ADCADD000E96C5B /* DifficultySelector.swift */; };
		672F44682ADCBDB400E96C5B /* CounterQuestionComponent.swift in Sources */ = {isa = PBXBuildFile; fileRef = 672F44672ADCBDB400E96C5B /* CounterQuestionComponent.swift */; };
		672F446A2ADCC9EF00E96C5B /* QuizQuestionComponent.swift in Sources */ = {isa = PBXBuildFile; fileRef = 672F44692ADCC9EF00E96C5B /* QuizQuestionComponent.swift */; };
		672F446C2ADCCA6800E96C5B /* Question.swift in Sources */ = {isa = PBXBuildFile; fileRef = 672F446B2ADCCA6800E96C5B /* Question.swift */; };
		673A3A542AE08BBF00C07A8D /* ScrollListItem.swift in Sources */ = {isa = PBXBuildFile; fileRef = 673A3A532AE08BBF00C07A8D /* ScrollListItem.swift */; };
		673A3A562AE0A25600C07A8D /* ResultsPage.swift in Sources */ = {isa = PBXBuildFile; fileRef = 673A3A552AE0A25600C07A8D /* ResultsPage.swift */; };
		67531D842ACB553300EE9EE9 /* Quiz_CodeApp.swift in Sources */ = {isa = PBXBuildFile; fileRef = 67531D832ACB553300EE9EE9 /* Quiz_CodeApp.swift */; };
		67531D862ACB553300EE9EE9 /* ContentView.swift in Sources */ = {isa = PBXBuildFile; fileRef = 67531D852ACB553300EE9EE9 /* ContentView.swift */; };
		67531D882ACB553500EE9EE9 /* Assets.xcassets in Resources */ = {isa = PBXBuildFile; fileRef = 67531D872ACB553500EE9EE9 /* Assets.xcassets */; };
		67531D8B2ACB553500EE9EE9 /* Preview Assets.xcassets in Resources */ = {isa = PBXBuildFile; fileRef = 67531D8A2ACB553500EE9EE9 /* Preview Assets.xcassets */; };
		67531D922ACB575900EE9EE9 /* SignUpPage.swift in Sources */ = {isa = PBXBuildFile; fileRef = 67531D912ACB575900EE9EE9 /* SignUpPage.swift */; };
		67531D982ACF60A100EE9EE9 /* DatePickerView.swift in Sources */ = {isa = PBXBuildFile; fileRef = 67531D972ACF60A100EE9EE9 /* DatePickerView.swift */; };
		67531D9B2ACF61A900EE9EE9 /* User.swift in Sources */ = {isa = PBXBuildFile; fileRef = 67531D9A2ACF61A900EE9EE9 /* User.swift */; };
		67D849FD2ADDB0C5008DAF23 /* SettingsView.swift in Sources */ = {isa = PBXBuildFile; fileRef = 67D849FC2ADDB0C5008DAF23 /* SettingsView.swift */; };
/* End PBXBuildFile section */

/* Begin PBXFileReference section */
		672F44542ADC6B0300E96C5B /* QuizCodeViewModel.swift */ = {isa = PBXFileReference; lastKnownFileType = sourcecode.swift; path = QuizCodeViewModel.swift; sourceTree = "<group>"; };
		672F44572ADC84C900E96C5B /* HomePage.swift */ = {isa = PBXFileReference; lastKnownFileType = sourcecode.swift; path = HomePage.swift; sourceTree = "<group>"; };
		672F44592ADC84E700E96C5B /* TitleHeader.swift */ = {isa = PBXFileReference; lastKnownFileType = sourcecode.swift; path = TitleHeader.swift; sourceTree = "<group>"; };
		672F445B2ADC857600E96C5B /* SupportingTitleText.swift */ = {isa = PBXFileReference; lastKnownFileType = sourcecode.swift; path = SupportingTitleText.swift; sourceTree = "<group>"; };
		672F445D2ADC8D0800E96C5B /* AnimationGear.swift */ = {isa = PBXFileReference; lastKnownFileType = sourcecode.swift; path = AnimationGear.swift; sourceTree = "<group>"; };
		672F445F2ADC8EA200E96C5B /* QuizContainerImageComponent.swift */ = {isa = PBXFileReference; lastKnownFileType = sourcecode.swift; path = QuizContainerImageComponent.swift; sourceTree = "<group>"; };
		672F44612ADC9C0200E96C5B /* Colors.xcassets */ = {isa = PBXFileReference; lastKnownFileType = folder.assetcatalog; path = Colors.xcassets; sourceTree = "<group>"; };
		672F44632ADCAAE500E96C5B /* QuizSetup.swift */ = {isa = PBXFileReference; lastKnownFileType = sourcecode.swift; path = QuizSetup.swift; sourceTree = "<group>"; };
		672F44652ADCADD000E96C5B /* DifficultySelector.swift */ = {isa = PBXFileReference; lastKnownFileType = sourcecode.swift; path = DifficultySelector.swift; sourceTree = "<group>"; };
		672F44672ADCBDB400E96C5B /* CounterQuestionComponent.swift */ = {isa = PBXFileReference; lastKnownFileType = sourcecode.swift; path = CounterQuestionComponent.swift; sourceTree = "<group>"; };
		672F44692ADCC9EF00E96C5B /* QuizQuestionComponent.swift */ = {isa = PBXFileReference; lastKnownFileType = sourcecode.swift; path = QuizQuestionComponent.swift; sourceTree = "<group>"; };
		672F446B2ADCCA6800E96C5B /* Question.swift */ = {isa = PBXFileReference; lastKnownFileType = sourcecode.swift; path = Question.swift; sourceTree = "<group>"; };
		673A3A532AE08BBF00C07A8D /* ScrollListItem.swift */ = {isa = PBXFileReference; lastKnownFileType = sourcecode.swift; path = ScrollListItem.swift; sourceTree = "<group>"; };
		673A3A552AE0A25600C07A8D /* ResultsPage.swift */ = {isa = PBXFileReference; lastKnownFileType = sourcecode.swift; path = ResultsPage.swift; sourceTree = "<group>"; };
		67531D802ACB553300EE9EE9 /* Quiz Code.app */ = {isa = PBXFileReference; explicitFileType = wrapper.application; includeInIndex = 0; path = "Quiz Code.app"; sourceTree = BUILT_PRODUCTS_DIR; };
		67531D832ACB553300EE9EE9 /* Quiz_CodeApp.swift */ = {isa = PBXFileReference; lastKnownFileType = sourcecode.swift; path = Quiz_CodeApp.swift; sourceTree = "<group>"; };
		67531D852ACB553300EE9EE9 /* ContentView.swift */ = {isa = PBXFileReference; lastKnownFileType = sourcecode.swift; path = ContentView.swift; sourceTree = "<group>"; };
		67531D872ACB553500EE9EE9 /* Assets.xcassets */ = {isa = PBXFileReference; lastKnownFileType = folder.assetcatalog; path = Assets.xcassets; sourceTree = "<group>"; };
		67531D8A2ACB553500EE9EE9 /* Preview Assets.xcassets */ = {isa = PBXFileReference; lastKnownFileType = folder.assetcatalog; path = "Preview Assets.xcassets"; sourceTree = "<group>"; };
		67531D912ACB575900EE9EE9 /* SignUpPage.swift */ = {isa = PBXFileReference; lastKnownFileType = sourcecode.swift; path = SignUpPage.swift; sourceTree = "<group>"; };
		67531D972ACF60A100EE9EE9 /* DatePickerView.swift */ = {isa = PBXFileReference; lastKnownFileType = sourcecode.swift; path = DatePickerView.swift; sourceTree = "<group>"; };
		67531D9A2ACF61A900EE9EE9 /* User.swift */ = {isa = PBXFileReference; lastKnownFileType = sourcecode.swift; path = User.swift; sourceTree = "<group>"; };
		67D849FC2ADDB0C5008DAF23 /* SettingsView.swift */ = {isa = PBXFileReference; lastKnownFileType = sourcecode.swift; path = SettingsView.swift; sourceTree = "<group>"; };
/* End PBXFileReference section */

/* Begin PBXFrameworksBuildPhase section */
		67531D7D2ACB553300EE9EE9 /* Frameworks */ = {
			isa = PBXFrameworksBuildPhase;
			buildActionMask = 2147483647;
			files = (
			);
			runOnlyForDeploymentPostprocessing = 0;
		};
/* End PBXFrameworksBuildPhase section */

/* Begin PBXGroup section */
		672F44532ADC6AF200E96C5B /* ViewModel */ = {
			isa = PBXGroup;
			children = (
				672F44542ADC6B0300E96C5B /* QuizCodeViewModel.swift */,
			);
			path = ViewModel;
			sourceTree = "<group>";
		};
		672F44562ADC7EF000E96C5B /* components */ = {
			isa = PBXGroup;
			children = (
				672F445D2ADC8D0800E96C5B /* AnimationGear.swift */,
				672F445B2ADC857600E96C5B /* SupportingTitleText.swift */,
				672F44592ADC84E700E96C5B /* TitleHeader.swift */,
				67531D972ACF60A100EE9EE9 /* DatePickerView.swift */,
				672F445F2ADC8EA200E96C5B /* QuizContainerImageComponent.swift */,
				672F44632ADCAAE500E96C5B /* QuizSetup.swift */,
				672F44652ADCADD000E96C5B /* DifficultySelector.swift */,
				672F44672ADCBDB400E96C5B /* CounterQuestionComponent.swift */,
				672F44692ADCC9EF00E96C5B /* QuizQuestionComponent.swift */,
				673A3A532AE08BBF00C07A8D /* ScrollListItem.swift */,
			);
			path = components;
			sourceTree = "<group>";
		};
		673A3A592AE1CDE800C07A8D /* Views */ = {
			isa = PBXGroup;
			children = (
				673A3A552AE0A25600C07A8D /* ResultsPage.swift */,
				67D849FC2ADDB0C5008DAF23 /* SettingsView.swift */,
				672F44562ADC7EF000E96C5B /* components */,
				672F44572ADC84C900E96C5B /* HomePage.swift */,
				67531D912ACB575900EE9EE9 /* SignUpPage.swift */,
			);
			path = Views;
			sourceTree = "<group>";
		};
		67531D772ACB553300EE9EE9 = {
			isa = PBXGroup;
			children = (
				67531D822ACB553300EE9EE9 /* Quiz Code */,
				67531D812ACB553300EE9EE9 /* Products */,
			);
			sourceTree = "<group>";
		};
		67531D812ACB553300EE9EE9 /* Products */ = {
			isa = PBXGroup;
			children = (
				67531D802ACB553300EE9EE9 /* Quiz Code.app */,
			);
			name = Products;
			sourceTree = "<group>";
		};
		67531D822ACB553300EE9EE9 /* Quiz Code */ = {
			isa = PBXGroup;
			children = (
				672F44532ADC6AF200E96C5B /* ViewModel */,
				67531D992ACF617300EE9EE9 /* Model */,
				67531D832ACB553300EE9EE9 /* Quiz_CodeApp.swift */,
				67531D852ACB553300EE9EE9 /* ContentView.swift */,
				67531D872ACB553500EE9EE9 /* Assets.xcassets */,
				672F44612ADC9C0200E96C5B /* Colors.xcassets */,
				67531D892ACB553500EE9EE9 /* Preview Content */,
				673A3A592AE1CDE800C07A8D /* Views */,
			);
			path = "Quiz Code";
			sourceTree = "<group>";
		};
		67531D892ACB553500EE9EE9 /* Preview Content */ = {
			isa = PBXGroup;
			children = (
				67531D8A2ACB553500EE9EE9 /* Preview Assets.xcassets */,
			);
			path = "Preview Content";
			sourceTree = "<group>";
		};
		67531D992ACF617300EE9EE9 /* Model */ = {
			isa = PBXGroup;
			children = (
				67531D9A2ACF61A900EE9EE9 /* User.swift */,
				672F446B2ADCCA6800E96C5B /* Question.swift */,
			);
			path = Model;
			sourceTree = "<group>";
		};
/* End PBXGroup section */

/* Begin PBXNativeTarget section */
		67531D7F2ACB553300EE9EE9 /* Quiz Code */ = {
			isa = PBXNativeTarget;
			buildConfigurationList = 67531D8E2ACB553500EE9EE9 /* Build configuration list for PBXNativeTarget "Quiz Code" */;
			buildPhases = (
				67531D7C2ACB553300EE9EE9 /* Sources */,
				67531D7D2ACB553300EE9EE9 /* Frameworks */,
				67531D7E2ACB553300EE9EE9 /* Resources */,
			);
			buildRules = (
			);
			dependencies = (
			);
			name = "Quiz Code";
			productName = "Quiz Code";
			productReference = 67531D802ACB553300EE9EE9 /* Quiz Code.app */;
			productType = "com.apple.product-type.application";
		};
/* End PBXNativeTarget section */

/* Begin PBXProject section */
		67531D782ACB553300EE9EE9 /* Project object */ = {
			isa = PBXProject;
			attributes = {
				BuildIndependentTargetsInParallel = 1;
				LastSwiftUpdateCheck = 1500;
				LastUpgradeCheck = 1500;
				TargetAttributes = {
					67531D7F2ACB553300EE9EE9 = {
						CreatedOnToolsVersion = 15.0;
					};
				};
			};
			buildConfigurationList = 67531D7B2ACB553300EE9EE9 /* Build configuration list for PBXProject "Quiz Code" */;
			compatibilityVersion = "Xcode 14.0";
			developmentRegion = en;
			hasScannedForEncodings = 0;
			knownRegions = (
				en,
				Base,
			);
			mainGroup = 67531D772ACB553300EE9EE9;
			productRefGroup = 67531D812ACB553300EE9EE9 /* Products */;
			projectDirPath = "";
			projectRoot = "";
			targets = (
				67531D7F2ACB553300EE9EE9 /* Quiz Code */,
			);
		};
/* End PBXProject section */

/* Begin PBXResourcesBuildPhase section */
		67531D7E2ACB553300EE9EE9 /* Resources */ = {
			isa = PBXResourcesBuildPhase;
			buildActionMask = 2147483647;
			files = (
				672F44622ADC9C0200E96C5B /* Colors.xcassets in Resources */,
				67531D8B2ACB553500EE9EE9 /* Preview Assets.xcassets in Resources */,
				67531D882ACB553500EE9EE9 /* Assets.xcassets in Resources */,
			);
			runOnlyForDeploymentPostprocessing = 0;
		};
/* End PBXResourcesBuildPhase section */

/* Begin PBXSourcesBuildPhase section */
		67531D7C2ACB553300EE9EE9 /* Sources */ = {
			isa = PBXSourcesBuildPhase;
			buildActionMask = 2147483647;
			files = (
				67531D922ACB575900EE9EE9 /* SignUpPage.swift in Sources */,
				672F446C2ADCCA6800E96C5B /* Question.swift in Sources */,
				67531D862ACB553300EE9EE9 /* ContentView.swift in Sources */,
				672F44662ADCADD000E96C5B /* DifficultySelector.swift in Sources */,
				67531D982ACF60A100EE9EE9 /* DatePickerView.swift in Sources */,
				673A3A542AE08BBF00C07A8D /* ScrollListItem.swift in Sources */,
				67D849FD2ADDB0C5008DAF23 /* SettingsView.swift in Sources */,
				67531D9B2ACF61A900EE9EE9 /* User.swift in Sources */,
				672F44552ADC6B0300E96C5B /* QuizCodeViewModel.swift in Sources */,
				672F44602ADC8EA200E96C5B /* QuizContainerImageComponent.swift in Sources */,
				672F446A2ADCC9EF00E96C5B /* QuizQuestionComponent.swift in Sources */,
				672F445C2ADC857600E96C5B /* SupportingTitleText.swift in Sources */,
				672F44682ADCBDB400E96C5B /* CounterQuestionComponent.swift in Sources */,
				672F44582ADC84C900E96C5B /* HomePage.swift in Sources */,
				673A3A562AE0A25600C07A8D /* ResultsPage.swift in Sources */,
				672F44642ADCAAE500E96C5B /* QuizSetup.swift in Sources */,
				672F445A2ADC84E700E96C5B /* TitleHeader.swift in Sources */,
				67531D842ACB553300EE9EE9 /* Quiz_CodeApp.swift in Sources */,
				672F445E2ADC8D0800E96C5B /* AnimationGear.swift in Sources */,
			);
			runOnlyForDeploymentPostprocessing = 0;
		};
/* End PBXSourcesBuildPhase section */

/* Begin XCBuildConfiguration section */
		67531D8C2ACB553500EE9EE9 /* Debug */ = {
			isa = XCBuildConfiguration;
			buildSettings = {
				ALWAYS_SEARCH_USER_PATHS = NO;
				ASSETCATALOG_COMPILER_GENERATE_SWIFT_ASSET_SYMBOL_EXTENSIONS = YES;
				CLANG_ANALYZER_NONNULL = YES;
				CLANG_ANALYZER_NUMBER_OBJECT_CONVERSION = YES_AGGRESSIVE;
				CLANG_CXX_LANGUAGE_STANDARD = "gnu++20";
				CLANG_ENABLE_MODULES = YES;
				CLANG_ENABLE_OBJC_ARC = YES;
				CLANG_ENABLE_OBJC_WEAK = YES;
				CLANG_WARN_BLOCK_CAPTURE_AUTORELEASING = YES;
				CLANG_WARN_BOOL_CONVERSION = YES;
				CLANG_WARN_COMMA = YES;
				CLANG_WARN_CONSTANT_CONVERSION = YES;
				CLANG_WARN_DEPRECATED_OBJC_IMPLEMENTATIONS = YES;
				CLANG_WARN_DIRECT_OBJC_ISA_USAGE = YES_ERROR;
				CLANG_WARN_DOCUMENTATION_COMMENTS = YES;
				CLANG_WARN_EMPTY_BODY = YES;
				CLANG_WARN_ENUM_CONVERSION = YES;
				CLANG_WARN_INFINITE_RECURSION = YES;
				CLANG_WARN_INT_CONVERSION = YES;
				CLANG_WARN_NON_LITERAL_NULL_CONVERSION = YES;
				CLANG_WARN_OBJC_IMPLICIT_RETAIN_SELF = YES;
				CLANG_WARN_OBJC_LITERAL_CONVERSION = YES;
				CLANG_WARN_OBJC_ROOT_CLASS = YES_ERROR;
				CLANG_WARN_QUOTED_INCLUDE_IN_FRAMEWORK_HEADER = YES;
				CLANG_WARN_RANGE_LOOP_ANALYSIS = YES;
				CLANG_WARN_STRICT_PROTOTYPES = YES;
				CLANG_WARN_SUSPICIOUS_MOVE = YES;
				CLANG_WARN_UNGUARDED_AVAILABILITY = YES_AGGRESSIVE;
				CLANG_WARN_UNREACHABLE_CODE = YES;
				CLANG_WARN__DUPLICATE_METHOD_MATCH = YES;
				COPY_PHASE_STRIP = NO;
				DEBUG_INFORMATION_FORMAT = dwarf;
				ENABLE_STRICT_OBJC_MSGSEND = YES;
				ENABLE_TESTABILITY = YES;
				ENABLE_USER_SCRIPT_SANDBOXING = YES;
				GCC_C_LANGUAGE_STANDARD = gnu17;
				GCC_DYNAMIC_NO_PIC = NO;
				GCC_NO_COMMON_BLOCKS = YES;
				GCC_OPTIMIZATION_LEVEL = 0;
				GCC_PREPROCESSOR_DEFINITIONS = (
					"DEBUG=1",
					"$(inherited)",
				);
				GCC_WARN_64_TO_32_BIT_CONVERSION = YES;
				GCC_WARN_ABOUT_RETURN_TYPE = YES_ERROR;
				GCC_WARN_UNDECLARED_SELECTOR = YES;
				GCC_WARN_UNINITIALIZED_AUTOS = YES_AGGRESSIVE;
				GCC_WARN_UNUSED_FUNCTION = YES;
				GCC_WARN_UNUSED_VARIABLE = YES;
				IPHONEOS_DEPLOYMENT_TARGET = 17.0;
				LOCALIZATION_PREFERS_STRING_CATALOGS = YES;
				MTL_ENABLE_DEBUG_INFO = INCLUDE_SOURCE;
				MTL_FAST_MATH = YES;
				ONLY_ACTIVE_ARCH = YES;
				SDKROOT = iphoneos;
				SWIFT_ACTIVE_COMPILATION_CONDITIONS = "DEBUG $(inherited)";
				SWIFT_OPTIMIZATION_LEVEL = "-Onone";
			};
			name = Debug;
		};
		67531D8D2ACB553500EE9EE9 /* Release */ = {
			isa = XCBuildConfiguration;
			buildSettings = {
				ALWAYS_SEARCH_USER_PATHS = NO;
				ASSETCATALOG_COMPILER_GENERATE_SWIFT_ASSET_SYMBOL_EXTENSIONS = YES;
				CLANG_ANALYZER_NONNULL = YES;
				CLANG_ANALYZER_NUMBER_OBJECT_CONVERSION = YES_AGGRESSIVE;
				CLANG_CXX_LANGUAGE_STANDARD = "gnu++20";
				CLANG_ENABLE_MODULES = YES;
				CLANG_ENABLE_OBJC_ARC = YES;
				CLANG_ENABLE_OBJC_WEAK = YES;
				CLANG_WARN_BLOCK_CAPTURE_AUTORELEASING = YES;
				CLANG_WARN_BOOL_CONVERSION = YES;
				CLANG_WARN_COMMA = YES;
				CLANG_WARN_CONSTANT_CONVERSION = YES;
				CLANG_WARN_DEPRECATED_OBJC_IMPLEMENTATIONS = YES;
				CLANG_WARN_DIRECT_OBJC_ISA_USAGE = YES_ERROR;
				CLANG_WARN_DOCUMENTATION_COMMENTS = YES;
				CLANG_WARN_EMPTY_BODY = YES;
				CLANG_WARN_ENUM_CONVERSION = YES;
				CLANG_WARN_INFINITE_RECURSION = YES;
				CLANG_WARN_INT_CONVERSION = YES;
				CLANG_WARN_NON_LITERAL_NULL_CONVERSION = YES;
				CLANG_WARN_OBJC_IMPLICIT_RETAIN_SELF = YES;
				CLANG_WARN_OBJC_LITERAL_CONVERSION = YES;
				CLANG_WARN_OBJC_ROOT_CLASS = YES_ERROR;
				CLANG_WARN_QUOTED_INCLUDE_IN_FRAMEWORK_HEADER = YES;
				CLANG_WARN_RANGE_LOOP_ANALYSIS = YES;
				CLANG_WARN_STRICT_PROTOTYPES = YES;
				CLANG_WARN_SUSPICIOUS_MOVE = YES;
				CLANG_WARN_UNGUARDED_AVAILABILITY = YES_AGGRESSIVE;
				CLANG_WARN_UNREACHABLE_CODE = YES;
				CLANG_WARN__DUPLICATE_METHOD_MATCH = YES;
				COPY_PHASE_STRIP = NO;
				DEBUG_INFORMATION_FORMAT = "dwarf-with-dsym";
				ENABLE_NS_ASSERTIONS = NO;
				ENABLE_STRICT_OBJC_MSGSEND = YES;
				ENABLE_USER_SCRIPT_SANDBOXING = YES;
				GCC_C_LANGUAGE_STANDARD = gnu17;
				GCC_NO_COMMON_BLOCKS = YES;
				GCC_WARN_64_TO_32_BIT_CONVERSION = YES;
				GCC_WARN_ABOUT_RETURN_TYPE = YES_ERROR;
				GCC_WARN_UNDECLARED_SELECTOR = YES;
				GCC_WARN_UNINITIALIZED_AUTOS = YES_AGGRESSIVE;
				GCC_WARN_UNUSED_FUNCTION = YES;
				GCC_WARN_UNUSED_VARIABLE = YES;
				IPHONEOS_DEPLOYMENT_TARGET = 17.0;
				LOCALIZATION_PREFERS_STRING_CATALOGS = YES;
				MTL_ENABLE_DEBUG_INFO = NO;
				MTL_FAST_MATH = YES;
				SDKROOT = iphoneos;
				SWIFT_COMPILATION_MODE = wholemodule;
				VALIDATE_PRODUCT = YES;
			};
			name = Release;
		};
		67531D8F2ACB553500EE9EE9 /* Debug */ = {
			isa = XCBuildConfiguration;
			buildSettings = {
				ASSETCATALOG_COMPILER_APPICON_NAME = AppIcon;
				ASSETCATALOG_COMPILER_GLOBAL_ACCENT_COLOR_NAME = AccentColor;
				CODE_SIGN_STYLE = Automatic;
				CURRENT_PROJECT_VERSION = 1;
				DEVELOPMENT_ASSET_PATHS = "\"Quiz Code/Preview Content\"";
				DEVELOPMENT_TEAM = PW3G2288U5;
				ENABLE_PREVIEWS = YES;
				GENERATE_INFOPLIST_FILE = YES;
				INFOPLIST_KEY_UIApplicationSceneManifest_Generation = YES;
				INFOPLIST_KEY_UIApplicationSupportsIndirectInputEvents = YES;
				INFOPLIST_KEY_UILaunchScreen_Generation = YES;
				INFOPLIST_KEY_UISupportedInterfaceOrientations_iPad = "UIInterfaceOrientationPortrait UIInterfaceOrientationPortraitUpsideDown UIInterfaceOrientationLandscapeLeft UIInterfaceOrientationLandscapeRight";
				INFOPLIST_KEY_UISupportedInterfaceOrientations_iPhone = "UIInterfaceOrientationPortrait UIInterfaceOrientationLandscapeLeft UIInterfaceOrientationLandscapeRight";
				LD_RUNPATH_SEARCH_PATHS = (
					"$(inherited)",
					"@executable_path/Frameworks",
				);
				MARKETING_VERSION = 1.0;
				PRODUCT_BUNDLE_IDENTIFIER = "com.firstapp.Quiz-Code";
				PRODUCT_NAME = "$(TARGET_NAME)";
				SWIFT_EMIT_LOC_STRINGS = YES;
				SWIFT_VERSION = 5.0;
				TARGETED_DEVICE_FAMILY = "1,2";
			};
			name = Debug;
		};
		67531D902ACB553500EE9EE9 /* Release */ = {
			isa = XCBuildConfiguration;
			buildSettings = {
				ASSETCATALOG_COMPILER_APPICON_NAME = AppIcon;
				ASSETCATALOG_COMPILER_GLOBAL_ACCENT_COLOR_NAME = AccentColor;
				CODE_SIGN_STYLE = Automatic;
				CURRENT_PROJECT_VERSION = 1;
				DEVELOPMENT_ASSET_PATHS = "\"Quiz Code/Preview Content\"";
				DEVELOPMENT_TEAM = PW3G2288U5;
				ENABLE_PREVIEWS = YES;
				GENERATE_INFOPLIST_FILE = YES;
				INFOPLIST_KEY_UIApplicationSceneManifest_Generation = YES;
				INFOPLIST_KEY_UIApplicationSupportsIndirectInputEvents = YES;
				INFOPLIST_KEY_UILaunchScreen_Generation = YES;
				INFOPLIST_KEY_UISupportedInterfaceOrientations_iPad = "UIInterfaceOrientationPortrait UIInterfaceOrientationPortraitUpsideDown UIInterfaceOrientationLandscapeLeft UIInterfaceOrientationLandscapeRight";
				INFOPLIST_KEY_UISupportedInterfaceOrientations_iPhone = "UIInterfaceOrientationPortrait UIInterfaceOrientationLandscapeLeft UIInterfaceOrientationLandscapeRight";
				LD_RUNPATH_SEARCH_PATHS = (
					"$(inherited)",
					"@executable_path/Frameworks",
				);
				MARKETING_VERSION = 1.0;
				PRODUCT_BUNDLE_IDENTIFIER = "com.firstapp.Quiz-Code";
				PRODUCT_NAME = "$(TARGET_NAME)";
				SWIFT_EMIT_LOC_STRINGS = YES;
				SWIFT_VERSION = 5.0;
				TARGETED_DEVICE_FAMILY = "1,2";
			};
			name = Release;
		};
/* End XCBuildConfiguration section */

/* Begin XCConfigurationList section */
		67531D7B2ACB553300EE9EE9 /* Build configuration list for PBXProject "Quiz Code" */ = {
			isa = XCConfigurationList;
			buildConfigurations = (
				67531D8C2ACB553500EE9EE9 /* Debug */,
				67531D8D2ACB553500EE9EE9 /* Release */,
			);
			defaultConfigurationIsVisible = 0;
			defaultConfigurationName = Release;
		};
		67531D8E2ACB553500EE9EE9 /* Build configuration list for PBXNativeTarget "Quiz Code" */ = {
			isa = XCConfigurationList;
			buildConfigurations = (
				67531D8F2ACB553500EE9EE9 /* Debug */,
				67531D902ACB553500EE9EE9 /* Release */,
			);
			defaultConfigurationIsVisible = 0;
			defaultConfigurationName = Release;
		};
/* End XCConfigurationList section */
	};
	rootObject = 67531D782ACB553300EE9EE9 /* Project object */;
}
